// !$*UTF8*$!
{
	archiveVersion = 1;
	classes = {
	};
	objectVersion = 50;
	objects = {

/* Begin PBXBuildFile section */
		277F8A6D2C0F9A70005A8A8F /* AppDelegate.swift in Sources */ = {isa = PBXBuildFile; fileRef = 277F8A6C2C0F9A70005A8A8F /* AppDelegate.swift */; };
		277F8A702C0F9A70005A8A8F /* SceneDelegate.swift in Sources */ = {isa = PBXBuildFile; fileRef = 277F8A6F2C0F9A70005A8A8F /* SceneDelegate.swift */; };
		277F8A732C0F9A70005A8A8F /* ViewController.swift in Sources */ = {isa = PBXBuildFile; fileRef = 277F8A722C0F9A70005A8A8F /* ViewController.swift */; };
		277F8A772C0F9A7C005A8A8F /* PersistenceController.swift in Sources */ = {isa = PBXBuildFile; fileRef = 277F8A762C0F9A7C005A8A8F /* PersistenceController.swift */; };
/* End PBXBuildFile section */

/* Begin PBXFileReference section */
		277F8A692C0F9A70005A8A8F /* SpeakUp.app */ = {isa = PBXFileReference; explicitFileType = wrapper.application; includeInIndex = 0; path = SpeakUp.app; sourceTree = BUILT_PRODUCTS_DIR; };
		277F8A6C2C0F9A70005A8A8F /* AppDelegate.swift */ = {isa = PBXFileReference; lastKnownFileType = sourcecode.swift; path = AppDelegate.swift; sourceTree = "<group>"; };
		277F8A6F2C0F9A70005A8A8F /* SceneDelegate.swift */ = {isa = PBXFileReference; lastKnownFileType = sourcecode.swift; path = SceneDelegate.swift; sourceTree = "<group>"; };
		277F8A722C0F9A70005A8A8F /* ViewController.swift */ = {isa = PBXFileReference; lastKnownFileType = sourcecode.swift; path = ViewController.swift; sourceTree = "<group>"; };
		277F8A752C0F9A7C005A8A8F /* Info.plist */ = {isa = PBXFileReference; lastKnownFileType = text.plist.xml; path = Info.plist; sourceTree = "<group>"; };
		277F8A762C0F9A7C005A8A8F /* PersistenceController.swift */ = {isa = PBXFileReference; lastKnownFileType = sourcecode.swift; path = PersistenceController.swift; sourceTree = "<group>"; };
		277F8A792C0F9A7C005A8A8F /* SpeakUp.xcdatamodeld */ = {isa = PBXFileReference; lastKnownFileType = wrapper.xcdatamodel; name = SpeakUp.xcdatamodeld; path = SpeakUp/Models/CoreData/SpeakUp.xcdatamodeld; sourceTree = "<group>"; };
/* End PBXFileReference section */

/* Begin PBXGroup section */
		277F8A682C0F9A70005A8A8F = {
			isa = PBXGroup;
			children = (
				277F8A6B2C0F9A70005A8A8F /* SpeakUp */,
				277F8A6A2C0F9A70005A8A8F /* Products */,
			);
			sourceTree = "<group>";
		};
		277F8A6A2C0F9A70005A8A8F /* Products */ = {
			isa = PBXGroup;
			children = (
				277F8A692C0F9A70005A8A8F /* SpeakUp.app */,
			);
			name = Products;
			sourceTree = "<group>";
		};
		277F8A6B2C0F9A70005A8A8F /* SpeakUp */ = {
			isa = PBXGroup;
			children = (
				277F8A6C2C0F9A70005A8A8F /* AppDelegate.swift */,
				277F8A6F2C0F9A70005A8A8F /* SceneDelegate.swift */,
				277F8A722C0F9A70005A8A8F /* ViewController.swift */,
				277F8A782C0F9A7C005A8A8F /* Models */,
				277F8A742C0F9A7C005A8A8F /* SupportingFiles */,
			);
			path = SpeakUp;
			sourceTree = "<group>";
		};
		277F8A742C0F9A7C005A8A8F /* SupportingFiles */ = {
			isa = PBXGroup;
			children = (
				277F8A752C0F9A7C005A8A8F /* Info.plist */,
			);
			name = SupportingFiles;
			path = SpeakUp/SupportingFiles;
			sourceTree = "<group>";
		};
		277F8A782C0F9A7C005A8A8F /* Models */ = {
			isa = PBXGroup;
			children = (
				277F8A7A2C0F9A7C005A8A8F /* CoreData */,
			);
			name = Models;
			path = SpeakUp/Models;
			sourceTree = "<group>";
		};
		277F8A7A2C0F9A7C005A8A8F /* CoreData */ = {
			isa = PBXGroup;
			children = (
				277F8A792C0F9A7C005A8A8F /* SpeakUp.xcdatamodeld */,
				277F8A762C0F9A7C005A8A8F /* PersistenceController.swift */,
			);
			name = CoreData;
			path = SpeakUp/Models/CoreData;
			sourceTree = "<group>";
		};
/* End PBXGroup section */

/* Begin PBXNativeTarget section */
		277F8A7B2C0F9A7C005A8A8F /* SpeakUp */ = {
			isa = PBXNativeTarget;
			buildConfigurationList = 277F8A8E2C0F9A7C005A8A8F /* Build configuration list for PBXNativeTarget "SpeakUp" */;
			buildPhases = (
				277F8A8B2C0F9A7C005A8A8F /* Sources */,
				277F8A8C2C0F9A7C005A8A8F /* Frameworks */,
				277F8A8D2C0F9A7C005A8A8F /* Resources */,
			);
			buildRules = (
			);
			dependencies = (
			);
			name = SpeakUp;
			productName = SpeakUp;
			productReference = 277F8A692C0F9A70005A8A8F /* SpeakUp.app */;
			productType = "com.apple.product-type.application";
		};
/* End PBXNativeTarget section */

/* Begin PBXProject section */
		277F8A7C2C0F9A7C005A8A8F /* Project object */ = {
			isa = PBXProject;
			attributes = {
				LastSwiftUpdateCheck = 1320;
				LastUpgradeCheck = 1320;
				ORGANIZATIONNAME = "YourCompany";
				TargetAttributes = {
					277F8A7B2C0F9A7C005A8A8F = {
						CreatedOnToolsVersion = 13.2.1;
						ProvisioningStyle = Automatic;
					};
				};
			};
			buildConfigurationList = 277F8A7F2C0F9A7C005A8A8F /* Build configuration list for PBXProject "SpeakUp" */;
			compatibilityVersion = "Xcode 13.0";
			developmentRegion = en;
			hasScannedForEncodings = 0;
			knownRegions = (
				en,
				Base,
			);
			mainGroup = 277F8A682C0F9A70005A8A8F;
			productRefGroup = 277F8A6A2C0F9A70005A8A8F /* Products */;
			projectDirPath = "";
			projectRoot = "";
			targets = (
				277F8A7B2C0F9A7C005A8A8F /* SpeakUp */,
			);
		};
/* End PBXProject section */

/* Begin PBXSourcesBuildPhase section */
		277F8A8B2C0F9A7C005A8A8F /* Sources */ = {
			isa = PBXSourcesBuildPhase;
			buildActionMask = 2147483647;
			files = (
				277F8A772C0F9A7C005A8A8F /* PersistenceController.swift in Sources */,
				277F8A6D2C0F9A70005A8A8F /* AppDelegate.swift in Sources */,
				277F8A732C0F9A70005A8A8F /* ViewController.swift in Sources */,
				277F8A702C0F9A70005A8A8F /* SceneDelegate.swift in Sources */,
			);
			runOnlyForDeploymentPostprocessing = 0;
		};
/* End PBXSourcesBuildPhase section */

/* Begin PBXFrameworksBuildPhase section */
		277F8A8C2C0F9A7C005A8A8F /* Frameworks */ = {
			isa = PBXFrameworksBuildPhase;
			buildActionMask = 2147483647;
			files = (
			);
			runOnlyForDeploymentPostprocessing = 0;
		};
/* End PBXFrameworksBuildPhase section */

/* Begin PBXResourcesBuildPhase section */
		277F8A8D2C0F9A7C005A8A8F /* Resources */ = {
			isa = PBXResourcesBuildPhase;
			buildActionMask = 2147483647;
			files = (
				277F8A792C0F9A7C005A8A8F /* SpeakUp.xcdatamodeld */,
			);
			runOnlyForDeploymentPostprocessing = 0;
		};
/* End PBXResourcesBuildPhase section */

/* Begin XCBuildConfiguration section */
		277F8A892C0F9A7C005A8A8F /* Debug */ = {
			isa = XCBuildConfiguration;
			buildSettings = {
				ALWAYS_SEARCH_USER_PATHS = NO;
				CLANG_ANALYZER_NONNULL = YES;
				CLANG_ANALYZER_NUMBER_OBJECT_CONVERSION = YES_AGGRESSIVE;
				CLANG_CXX_LANGUAGE_STANDARD = "gnu++14";
				CLANG_CXX_LIBRARY = "libc++";
				CLANG_ENABLE_MODULES = YES;
				CLANG_ENABLE_OBJC_ARC = YES;
				CLANG_ENABLE_OBJC_WEAK = YES;
				CLANG_WARN_BLOCK_CAPTURE_AUTORELEASING = YES;
				CLANG_WARN_BOOL_CONVERSION = YES;
				CLANG_WARN_COMMA = YES;
				CLANG_WARN_CONSTANT_CONVERSION = YES;
				CLANG_WARN_DEPRECATED_OBJC_IMPLEMENTATIONS = YES;
				CLANG_WARN_DIRECT_OBJC_ISA_USAGE = YES_ERROR;
				CLANG_WARN_DOCUMENTATION_COMMENTS = YES;
				CLANG_WARN_EMPTY_BODY = YES;
				CLANG_WARN_ENUM_CONVERSION = YES;
				CLANG_WARN_INFINITE_RECURSION = YES;
				CLANG_WARN_INT_CONVERSION = YES;
				CLANG_WARN_NON_LITERAL_NULL_CONVERSION = YES;
				CLANG_WARN_OBJC_IMPLICIT_RETAIN_SELF = YES;
				CLANG_WARN_OBJC_LITERAL_CONVERSION = YES;
				CLANG_WARN_OBJC_ROOT_CLASS = YES_ERROR;
				CLANG_WARN_QUOTED_INCLUDE_IN_FRAMEWORK_HEADER = YES;
				CLANG_WARN_RANGE_LOOP_ANALYSIS = YES;
				CLANG_WARN_STRICT_PROTOTYPES = YES;
				CLANG_WARN_SUSPICIOUS_MOVE = YES;
				CLANG_WARN_UNGUARDED_AVAILABILITY = YES_AGGRESSIVE;
				CLANG_WARN_UNREACHABLE_CODE = YES;
				CLANG_WARN__DUPLICATE_METHOD_MATCH = YES;
				CODE_SIGN_IDENTITY = "Apple Development";
				COPY_PHASE_STRIP = NO;
				DEBUG_INFORMATION_FORMAT = dwarf;
				ENABLE_STRICT_OBJC_MSGSEND = YES;
				ENABLE_TESTABILITY = YES;
				GCC_C_LANGUAGE_STANDARD = gnu11;
				GCC_DYNAMIC_NO_PIC = NO;
				GCC_NO_COMMON_BLOCKS = YES;
				GCC_OPTIMIZATION_LEVEL = 0;
				GCC_PREPROCESSOR_DEFINITIONS = (
					"DEBUG=1",
					"$(inherited)",
				);
				GCC_WARN_64_TO_32_BIT_CONVERSION = YES;
				GCC_WARN_ABOUT_RETURN_TYPE = YES_ERROR;
				GCC_WARN_UNDECLARED_SELECTOR = YES;
				GCC_WARN_UNINITIALIZED_AUTOS = YES_AGGRESSIVE;
				GCC_WARN_UNUSED_FUNCTION = YES;
				GCC_WARN_UNUSED_VARIABLE = YES;
				IPHONEOS_DEPLOYMENT_TARGET = 15.0;
				MTL_ENABLE_DEBUG_INFO = INCLUDE_SOURCE;
				MTL_FAST_MATH = YES;
				ONLY_ACTIVE_ARCH = YES;
				SDKROOT = iphoneos;
				SWIFT_ACTIVE_COMPILATION_CONDITIONS = DEBUG;
				SWIFT_COMPILATION_MODE = wholemodule;
				SWIFT_OPTIMIZATION_LEVEL = "-Onone";
				SWIFT_VERSION = 5.0;
			};
			name = Debug;
		};
		277F8A8A2C0F9A7C005A8A8F /* Release */ = {
			isa = XCBuildConfiguration;
			buildSettings = {
				ALWAYS_SEARCH_USER_PATHS = NO;
				CLANG_ANALYZER_NONNULL = YES;
				CLANG_ANALYZER_NUMBER_OBJECT_CONVERSION = YES_AGGRESSIVE;
				CLANG_CXX_LANGUAGE_STANDARD = "gnu++14";
				CLANG_CXX_LIBRARY = "libc++";
				CLANG_ENABLE_MODULES = YES;
				CLANG_ENABLE_OBJC_ARC = YES;
				CLANG_ENABLE_OBJC_WEAK = YES;
				CLANG_WARN_BLOCK_CAPTURE_AUTORELEASING = YES;
				CLANG_WARN_BOOL_CONVERSION = YES;
				CLANG_WARN_COMMA = YES;
				CLANG_WARN_CONSTANT_CONVERSION = YES;
				CLANG_WARN_DEPRECATED_OBJC_IMPLEMENTATIONS = YES;
				CLANG_WARN_DIRECT_OBJC_ISA_USAGE = YES_ERROR;
				CLANG_WARN_DOCUMENTATION_COMMENTS = YES;
				CLANG_WARN_EMPTY_BODY = YES;
				CLANG_WARN_ENUM_CONVERSION = YES;
				CLANG_WARN_INFINITE_RECURSION = YES;
				CLANG_WARN_INT_CONVERSION = YES;
				CLANG_WARN_NON_LITERAL_NULL_CONVERSION = YES;
				CLANG_WARN_OBJC_IMPLICIT_RETAIN_SELF = YES;
				CLANG_WARN_OBJC_LITERAL_CONVERSION = YES;
				CLANG_WARN_OBJC_ROOT_CLASS = YES_ERROR;
				CLANG_WARN_QUOTED_INCLUDE_IN_FRAMEWORK_HEADER = YES;
				CLANG_WARN_RANGE_LOOP_ANALYSIS = YES;
				CLANG_WARN_STRICT_PROTOTYPES = YES;
				CLANG_WARN_SUSPICIOUS_MOVE = YES;
				CLANG_WARN_UNGUARDED_AVAILABILITY = YES_AGGRESSIVE;
				CLANG_WARN_UNREACHABLE_CODE = YES;
				CLANG_WARN__DUPLICATE_METHOD_MATCH = YES;
				CODE_SIGN_IDENTITY = "Apple Development";
				COPY_PHASE_STRIP = YES;
				DEBUG_INFORMATION_FORMAT = "dwarf-with-dsym";
				ENABLE_NS_ASSERTIONS = NO;
				ENABLE_STRICT_OBJC_MSGSEND = YES;
				GCC_C_LANGUAGE_STANDARD = gnu11;
				GCC_NO_COMMON_BLOCKS = YES;
				GCC_WARN_64_TO_32_BIT_CONVERSION = YES;
				GCC_WARN_ABOUT_RETURN_TYPE = YES_ERROR;
				GCC_WARN_UNDECLARED_SELECTOR = YES;
				GCC_WARN_UNINITIALIZED_AUTOS = YES_AGGRESSIVE;
				GCC_WARN_UNUSED_FUNCTION = YES;
				GCC_WARN_UNUSED_VARIABLE = YES;
				IPHONEOS_DEPLOYMENT_TARGET = 15.0;
				MTL_ENABLE_DEBUG_INFO = NO;
				MTL_FAST_MATH = YES;
				SDKROOT = iphoneos;
				SWIFT_COMPILATION_MODE = wholemodule;
				SWIFT_OPTIMIZATION_LEVEL = "-O";
				SWIFT_VERSION = 5.0;
				VALIDATE_PRODUCT = YES;
			};
			name = Release;
		};
		277F8A902C0F9A7C005A8A8F /* Debug */ = {
			isa = XCBuildConfiguration;
			buildSettings = {
				ASSETCATALOG_COMPILER_APPICON_NAME = AppIcon;
				ASSETCATALOG_COMPILER_GLOBAL_ACCENT_COLOR_NAME = AccentColor;
				CODE_SIGN_STYLE = Automatic;
				CURRENT_PROJECT_VERSION = 1;
				GENERATE_INFOPLIST_FILE = YES;
				INFOPLIST_FILE = SpeakUp/SupportingFiles/Info.plist;
				LD_RUNPATH_SEARCH_PATHS = (
					"$(inherited)",
					"@executable_path/Frameworks",
				);
				MARKETING_VERSION = 1.0;
				PRODUCT_BUNDLE_IDENTIFIER = com.example.SpeakUp;
				PRODUCT_NAME = "$(TARGET_NAME)";
				SWIFT_EMIT_LOC_STRINGS = YES;
				TARGETED_DEVICE_FAMILY = "1,2";
			};
			name = Debug;
		};
		277F8A912C0F9A7C005A8A8F /* Release */ = {
			isa = XCBuildConfiguration;
			buildSettings = {
				ASSETCATALOG_COMPILER_APPICON_NAME = AppIcon;
				ASSETCATALOG_COMPILER_GLOBAL_ACCENT_COLOR_NAME = AccentColor;
				CODE_SIGN_STYLE = Automatic;
				CURRENT_PROJECT_VERSION = 1;
				GENERATE_INFOPLIST_FILE = YES;
				INFOPLIST_FILE = SpeakUp/SupportingFiles/Info.plist;
				LD_RUNPATH_SEARCH_PATHS = (
					"$(inherited)",
					"@executable_path/Frameworks",
				);
				MARKETING_VERSION = 1.0;
				PRODUCT_BUNDLE_IDENTIFIER = com.example.SpeakUp;
				PRODUCT_NAME = "$(TARGET_NAME)";
				SWIFT_EMIT_LOC_STRINGS = YES;
				TARGETED_DEVICE_FAMILY = "1,2";
			};
			name = Release;
		};
/* End XCBuildConfiguration section */

/* Begin XCConfigurationList section */
		277F8A7F2C0F9A7C005A8A8F /* Build configuration list for PBXProject "SpeakUp" */ = {
			isa = XCConfigurationList;
			buildConfigurations = (
				277F8A892C0F9A7C005A8A8F /* Debug */,
				277F8A8A2C0F9A7C005A8A8F /* Release */,
			);
			defaultConfigurationIsVisible = 0;
			defaultConfigurationName = Release;
		};
		277F8A8E2C0F9A7C005A8A8F /* Build configuration list for PBXNativeTarget "SpeakUp" */ = {
			isa = XCConfigurationList;
			buildConfigurations = (
				277F8A902C0F9A7C005A8A8F /* Debug */,
				277F8A912C0F9A7C005A8A8F /* Release */,
			);
			defaultConfigurationIsVisible = 0;
			defaultConfigurationName = Release;
		};
/* End XCConfigurationList section */
	};
	rootObject = 277F8A7C2C0F9A7C005A8A8F /* Project object */;
}
